
Microsoft Visual Studio Solution File, Format Version 12.00
# Visual Studio Version 17
VisualStudioVersion = 17.7.34202.233
MinimumVisualStudioVersion = 10.0.40219.1
Project("{9A19103F-16F7-4668-BE54-9A1E7A4F7556}") = "FribergsCarRental", "FribergsCarRental\FribergsCarRental.csproj", "{ED27BBA8-CD3F-46EF-8562-4DB32C44F78B}"
EndProject
Global
	GlobalSection(SolutionConfigurationPlatforms) = preSolution
		Debug|Any CPU = Debug|Any CPU
		Release|Any CPU = Release|Any CPU
	EndGlobalSection
	GlobalSection(ProjectConfigurationPlatforms) = postSolution
		{ED27BBA8-CD3F-46EF-8562-4DB32C44F78B}.Debug|Any CPU.ActiveCfg = Debug|Any CPU
		{ED27BBA8-CD3F-46EF-8562-4DB32C44F78B}.Debug|Any CPU.Build.0 = Debug|Any CPU
		{ED27BBA8-CD3F-46EF-8562-4DB32C44F78B}.Release|Any CPU.ActiveCfg = Release|Any CPU
		{ED27BBA8-CD3F-46EF-8562-4DB32C44F78B}.Release|Any CPU.Build.0 = Release|Any CPU
	EndGlobalSection
	GlobalSection(SolutionProperties) = preSolution
		HideSolutionNode = FALSE
	EndGlobalSection
	GlobalSection(ExtensibilityGlobals) = postSolution
		SolutionGuid = {6BC9B5F4-ABEF-4E1B-9AAE-FF85E2DD41F4}
	EndGlobalSection
EndGlobal
